
Microsoft Visual Studio Solution File, Format Version 12.00
# Visual Studio Version 16
VisualStudioVersion = 16.0.33214.272
MinimumVisualStudioVersion = 10.0.40219.1
Project("{FAE04EC0-301F-11D3-BF4B-00C04F79EFBC}") = "ExercíciosDeFixação4", "ExercíciosDeFixação4.csproj", "{483F7858-7FBD-4DF8-B3F8-F33BEF180BE0}"
EndProject
Global
	GlobalSection(SolutionConfigurationPlatforms) = preSolution
		Debug|Any CPU = Debug|Any CPU
		Release|Any CPU = Release|Any CPU
	EndGlobalSection
	GlobalSection(ProjectConfigurationPlatforms) = postSolution
		{483F7858-7FBD-4DF8-B3F8-F33BEF180BE0}.Debug|Any CPU.ActiveCfg = Debug|Any CPU
		{483F7858-7FBD-4DF8-B3F8-F33BEF180BE0}.Debug|Any CPU.Build.0 = Debug|Any CPU
		{483F7858-7FBD-4DF8-B3F8-F33BEF180BE0}.Release|Any CPU.ActiveCfg = Release|Any CPU
		{483F7858-7FBD-4DF8-B3F8-F33BEF180BE0}.Release|Any CPU.Build.0 = Release|Any CPU
	EndGlobalSection
	GlobalSection(SolutionProperties) = preSolution
		HideSolutionNode = FALSE
	EndGlobalSection
	GlobalSection(ExtensibilityGlobals) = postSolution
		SolutionGuid = {840F3CEF-CC21-4BB3-90A9-E296C9739346}
	EndGlobalSection
EndGlobal
